
Microsoft Visual Studio Solution File, Format Version 12.00
# Visual Studio Version 16
VisualStudioVersion = 16.0.29418.71
MinimumVisualStudioVersion = 10.0.40219.1
Project("{F184B08F-C81C-45F6-A57F-5ABD9991F28F}") = "Select case discount", "Select case discount\Select case discount.vbproj", "{2BB02892-BC9F-4384-B019-79A181B370C0}"
EndProject
Global
	GlobalSection(SolutionConfigurationPlatforms) = preSolution
		Debug|Any CPU = Debug|Any CPU
		Release|Any CPU = Release|Any CPU
	EndGlobalSection
	GlobalSection(ProjectConfigurationPlatforms) = postSolution
		{2BB02892-BC9F-4384-B019-79A181B370C0}.Debug|Any CPU.ActiveCfg = Debug|Any CPU
		{2BB02892-BC9F-4384-B019-79A181B370C0}.Debug|Any CPU.Build.0 = Debug|Any CPU
		{2BB02892-BC9F-4384-B019-79A181B370C0}.Release|Any CPU.ActiveCfg = Release|Any CPU
		{2BB02892-BC9F-4384-B019-79A181B370C0}.Release|Any CPU.Build.0 = Release|Any CPU
	EndGlobalSection
	GlobalSection(SolutionProperties) = preSolution
		HideSolutionNode = FALSE
	EndGlobalSection
	GlobalSection(ExtensibilityGlobals) = postSolution
		SolutionGuid = {7FE6F7B0-63AA-4B4F-8D17-20BACAB74147}
	EndGlobalSection
EndGlobal
