
Microsoft Visual Studio Solution File, Format Version 12.00
# Visual Studio Version 16
VisualStudioVersion = 16.0.29424.173
MinimumVisualStudioVersion = 10.0.40219.1
Project("{F184B08F-C81C-45F6-A57F-5ABD9991F28F}") = "multilevel", "multilevel\multilevel.vbproj", "{4B4DC768-0A06-4666-90B6-6F789C17749A}"
EndProject
Global
	GlobalSection(SolutionConfigurationPlatforms) = preSolution
		Debug|Any CPU = Debug|Any CPU
		Release|Any CPU = Release|Any CPU
	EndGlobalSection
	GlobalSection(ProjectConfigurationPlatforms) = postSolution
		{4B4DC768-0A06-4666-90B6-6F789C17749A}.Debug|Any CPU.ActiveCfg = Debug|Any CPU
		{4B4DC768-0A06-4666-90B6-6F789C17749A}.Debug|Any CPU.Build.0 = Debug|Any CPU
		{4B4DC768-0A06-4666-90B6-6F789C17749A}.Release|Any CPU.ActiveCfg = Release|Any CPU
		{4B4DC768-0A06-4666-90B6-6F789C17749A}.Release|Any CPU.Build.0 = Release|Any CPU
	EndGlobalSection
	GlobalSection(SolutionProperties) = preSolution
		HideSolutionNode = FALSE
	EndGlobalSection
	GlobalSection(ExtensibilityGlobals) = postSolution
		SolutionGuid = {DCFAC21A-11F7-4E21-B157-CE89B3322048}
	EndGlobalSection
EndGlobal
