
Microsoft Visual Studio Solution File, Format Version 12.00
# Visual Studio Version 16
VisualStudioVersion = 16.0.29424.173
MinimumVisualStudioVersion = 10.0.40219.1
Project("{F184B08F-C81C-45F6-A57F-5ABD9991F28F}") = "googlewebsitelinklabel", "googlewebsitelinklabel\googlewebsitelinklabel.vbproj", "{68BC2289-5BD0-4B7F-B27B-530879EADDCC}"
EndProject
Global
	GlobalSection(SolutionConfigurationPlatforms) = preSolution
		Debug|Any CPU = Debug|Any CPU
		Release|Any CPU = Release|Any CPU
	EndGlobalSection
	GlobalSection(ProjectConfigurationPlatforms) = postSolution
		{68BC2289-5BD0-4B7F-B27B-530879EADDCC}.Debug|Any CPU.ActiveCfg = Debug|Any CPU
		{68BC2289-5BD0-4B7F-B27B-530879EADDCC}.Debug|Any CPU.Build.0 = Debug|Any CPU
		{68BC2289-5BD0-4B7F-B27B-530879EADDCC}.Release|Any CPU.ActiveCfg = Release|Any CPU
		{68BC2289-5BD0-4B7F-B27B-530879EADDCC}.Release|Any CPU.Build.0 = Release|Any CPU
	EndGlobalSection
	GlobalSection(SolutionProperties) = preSolution
		HideSolutionNode = FALSE
	EndGlobalSection
	GlobalSection(ExtensibilityGlobals) = postSolution
		SolutionGuid = {BB29E080-5B6C-4723-A4C2-95364A9F3867}
	EndGlobalSection
EndGlobal
