
Microsoft Visual Studio Solution File, Format Version 12.00
# Visual Studio Version 16
VisualStudioVersion = 16.0.29424.173
MinimumVisualStudioVersion = 10.0.40219.1
Project("{F184B08F-C81C-45F6-A57F-5ABD9991F28F}") = "proceduredmax and min", "proceduredmax and min\proceduredmax and min.vbproj", "{BD196247-71A7-4C57-B3BD-32DBA5B2DB08}"
EndProject
Global
	GlobalSection(SolutionConfigurationPlatforms) = preSolution
		Debug|Any CPU = Debug|Any CPU
		Release|Any CPU = Release|Any CPU
	EndGlobalSection
	GlobalSection(ProjectConfigurationPlatforms) = postSolution
		{BD196247-71A7-4C57-B3BD-32DBA5B2DB08}.Debug|Any CPU.ActiveCfg = Debug|Any CPU
		{BD196247-71A7-4C57-B3BD-32DBA5B2DB08}.Debug|Any CPU.Build.0 = Debug|Any CPU
		{BD196247-71A7-4C57-B3BD-32DBA5B2DB08}.Release|Any CPU.ActiveCfg = Release|Any CPU
		{BD196247-71A7-4C57-B3BD-32DBA5B2DB08}.Release|Any CPU.Build.0 = Release|Any CPU
	EndGlobalSection
	GlobalSection(SolutionProperties) = preSolution
		HideSolutionNode = FALSE
	EndGlobalSection
	GlobalSection(ExtensibilityGlobals) = postSolution
		SolutionGuid = {4F927EAF-2DFE-415C-B69D-BB7ED94733A6}
	EndGlobalSection
EndGlobal
