
Microsoft Visual Studio Solution File, Format Version 12.00
# Visual Studio Version 16
VisualStudioVersion = 16.0.29424.173
MinimumVisualStudioVersion = 10.0.40219.1
Project("{F184B08F-C81C-45F6-A57F-5ABD9991F28F}") = "salandsomething", "salandsomething\salandsomething.vbproj", "{B555B8FF-28D8-4CC5-A55A-83E59C7691BF}"
EndProject
Global
	GlobalSection(SolutionConfigurationPlatforms) = preSolution
		Debug|Any CPU = Debug|Any CPU
		Release|Any CPU = Release|Any CPU
	EndGlobalSection
	GlobalSection(ProjectConfigurationPlatforms) = postSolution
		{B555B8FF-28D8-4CC5-A55A-83E59C7691BF}.Debug|Any CPU.ActiveCfg = Debug|Any CPU
		{B555B8FF-28D8-4CC5-A55A-83E59C7691BF}.Debug|Any CPU.Build.0 = Debug|Any CPU
		{B555B8FF-28D8-4CC5-A55A-83E59C7691BF}.Release|Any CPU.ActiveCfg = Release|Any CPU
		{B555B8FF-28D8-4CC5-A55A-83E59C7691BF}.Release|Any CPU.Build.0 = Release|Any CPU
	EndGlobalSection
	GlobalSection(SolutionProperties) = preSolution
		HideSolutionNode = FALSE
	EndGlobalSection
	GlobalSection(ExtensibilityGlobals) = postSolution
		SolutionGuid = {3DA50E27-2480-401A-8740-E4F492790CF3}
	EndGlobalSection
EndGlobal
