
Microsoft Visual Studio Solution File, Format Version 12.00
# Visual Studio Version 16
VisualStudioVersion = 16.0.29215.179
MinimumVisualStudioVersion = 10.0.40219.1
Project("{F184B08F-C81C-45F6-A57F-5ABD9991F28F}") = "EvenorOdd", "EvenorOdd\EvenorOdd.vbproj", "{8672935F-A7AD-49FE-8877-D66C1E6A5F0E}"
EndProject
Global
	GlobalSection(SolutionConfigurationPlatforms) = preSolution
		Debug|Any CPU = Debug|Any CPU
		Release|Any CPU = Release|Any CPU
	EndGlobalSection
	GlobalSection(ProjectConfigurationPlatforms) = postSolution
		{8672935F-A7AD-49FE-8877-D66C1E6A5F0E}.Debug|Any CPU.ActiveCfg = Debug|Any CPU
		{8672935F-A7AD-49FE-8877-D66C1E6A5F0E}.Debug|Any CPU.Build.0 = Debug|Any CPU
		{8672935F-A7AD-49FE-8877-D66C1E6A5F0E}.Release|Any CPU.ActiveCfg = Release|Any CPU
		{8672935F-A7AD-49FE-8877-D66C1E6A5F0E}.Release|Any CPU.Build.0 = Release|Any CPU
	EndGlobalSection
	GlobalSection(SolutionProperties) = preSolution
		HideSolutionNode = FALSE
	EndGlobalSection
	GlobalSection(ExtensibilityGlobals) = postSolution
		SolutionGuid = {6D128BB4-8E08-4D14-91B7-B931A4B8F31A}
	EndGlobalSection
EndGlobal
