
Microsoft Visual Studio Solution File, Format Version 12.00
# Visual Studio Version 16
VisualStudioVersion = 16.0.29215.179
MinimumVisualStudioVersion = 10.0.40219.1
Project("{F184B08F-C81C-45F6-A57F-5ABD9991F28F}") = "passwordchecker", "passwordchecker\passwordchecker.vbproj", "{0E1C9EA0-BC79-4F6B-9B05-59F24964CEA2}"
EndProject
Global
	GlobalSection(SolutionConfigurationPlatforms) = preSolution
		Debug|Any CPU = Debug|Any CPU
		Release|Any CPU = Release|Any CPU
	EndGlobalSection
	GlobalSection(ProjectConfigurationPlatforms) = postSolution
		{0E1C9EA0-BC79-4F6B-9B05-59F24964CEA2}.Debug|Any CPU.ActiveCfg = Debug|Any CPU
		{0E1C9EA0-BC79-4F6B-9B05-59F24964CEA2}.Debug|Any CPU.Build.0 = Debug|Any CPU
		{0E1C9EA0-BC79-4F6B-9B05-59F24964CEA2}.Release|Any CPU.ActiveCfg = Release|Any CPU
		{0E1C9EA0-BC79-4F6B-9B05-59F24964CEA2}.Release|Any CPU.Build.0 = Release|Any CPU
	EndGlobalSection
	GlobalSection(SolutionProperties) = preSolution
		HideSolutionNode = FALSE
	EndGlobalSection
	GlobalSection(ExtensibilityGlobals) = postSolution
		SolutionGuid = {109BBB2D-A652-47CE-A910-7D4F5F44BF21}
	EndGlobalSection
EndGlobal
